
Microsoft Visual Studio Solution File, Format Version 12.00
# Visual Studio Version 16
VisualStudioVersion = 16.0.29503.13
MinimumVisualStudioVersion = 10.0.40219.1
Project("{9A19103F-16F7-4668-BE54-9A1E7A4F7556}") = "AddressBook.API", "AddressBook.API\AddressBook.API.csproj", "{691C4404-E4EF-4C9A-9600-7311F4E8C4C0}"
EndProject
Project("{9A19103F-16F7-4668-BE54-9A1E7A4F7556}") = "AddressBook.Models", "AddressBook.Models\AddressBook.Models.csproj", "{1D3F07E9-E542-44A2-A333-A9F7D2E0FE04}"
EndProject
Project("{9A19103F-16F7-4668-BE54-9A1E7A4F7556}") = "AddressBook.Contracts", "AddressBook.Contracts\AddressBook.Contracts.csproj", "{9B078963-2537-46E3-9EFF-E594D091EFC7}"
EndProject
Project("{9A19103F-16F7-4668-BE54-9A1E7A4F7556}") = "AddressBook.Services", "AddressBook.Services\AddressBook.Services.csproj", "{CD1BA2B2-A5F8-4015-99C9-0D0660E6AB45}"
EndProject
Global
	GlobalSection(SolutionConfigurationPlatforms) = preSolution
		Debug|Any CPU = Debug|Any CPU
		Release|Any CPU = Release|Any CPU
	EndGlobalSection
	GlobalSection(ProjectConfigurationPlatforms) = postSolution
		{691C4404-E4EF-4C9A-9600-7311F4E8C4C0}.Debug|Any CPU.ActiveCfg = Debug|Any CPU
		{691C4404-E4EF-4C9A-9600-7311F4E8C4C0}.Debug|Any CPU.Build.0 = Debug|Any CPU
		{691C4404-E4EF-4C9A-9600-7311F4E8C4C0}.Release|Any CPU.ActiveCfg = Release|Any CPU
		{691C4404-E4EF-4C9A-9600-7311F4E8C4C0}.Release|Any CPU.Build.0 = Release|Any CPU
		{1D3F07E9-E542-44A2-A333-A9F7D2E0FE04}.Debug|Any CPU.ActiveCfg = Debug|Any CPU
		{1D3F07E9-E542-44A2-A333-A9F7D2E0FE04}.Debug|Any CPU.Build.0 = Debug|Any CPU
		{1D3F07E9-E542-44A2-A333-A9F7D2E0FE04}.Release|Any CPU.ActiveCfg = Release|Any CPU
		{1D3F07E9-E542-44A2-A333-A9F7D2E0FE04}.Release|Any CPU.Build.0 = Release|Any CPU
		{9B078963-2537-46E3-9EFF-E594D091EFC7}.Debug|Any CPU.ActiveCfg = Debug|Any CPU
		{9B078963-2537-46E3-9EFF-E594D091EFC7}.Debug|Any CPU.Build.0 = Debug|Any CPU
		{9B078963-2537-46E3-9EFF-E594D091EFC7}.Release|Any CPU.ActiveCfg = Release|Any CPU
		{9B078963-2537-46E3-9EFF-E594D091EFC7}.Release|Any CPU.Build.0 = Release|Any CPU
		{CD1BA2B2-A5F8-4015-99C9-0D0660E6AB45}.Debug|Any CPU.ActiveCfg = Debug|Any CPU
		{CD1BA2B2-A5F8-4015-99C9-0D0660E6AB45}.Debug|Any CPU.Build.0 = Debug|Any CPU
		{CD1BA2B2-A5F8-4015-99C9-0D0660E6AB45}.Release|Any CPU.ActiveCfg = Release|Any CPU
		{CD1BA2B2-A5F8-4015-99C9-0D0660E6AB45}.Release|Any CPU.Build.0 = Release|Any CPU
	EndGlobalSection
	GlobalSection(SolutionProperties) = preSolution
		HideSolutionNode = FALSE
	EndGlobalSection
	GlobalSection(ExtensibilityGlobals) = postSolution
		SolutionGuid = {43BDC629-0251-46B3-942C-EE05CCFBA9CB}
	EndGlobalSection
EndGlobal
